
Microsoft Visual Studio Solution File, Format Version 12.00
# Visual Studio Version 17
VisualStudioVersion = 17.0.31903.59
MinimumVisualStudioVersion = 10.0.40219.1
Project("{9A19103F-16F7-4668-BE54-9A1E7A4F7556}") = "SunamoUriWebServices.Tests", "SunamoUriWebServices.Tests\\SunamoUriWebServices.Tests.csproj", "{322E2B72-8445-4A41-8379-43568FB90EDA}"
EndProject
Project("{FAE04EC0-301F-11D3-BF4B-00C04F79EFBC}") = "RunnerUriWebServices", "RunnerUriWebServices\\RunnerUriWebServices.csproj", "{84924461-5048-4DFF-B74F-84A514014982}"
EndProject
Project("{FAE04EC0-301F-11D3-BF4B-00C04F79EFBC}") = "SunamoUriWebServices", "SunamoUriWebServices\SunamoUriWebServices.csproj", "{28FDEC30-77ED-4BCE-B95D-6CAD0034B08C}"
EndProject
Global
	GlobalSection(SolutionConfigurationPlatforms) = preSolution
		Debug|Any CPU = Debug|Any CPU
		Debug|x64 = Debug|x64
		Debug|x86 = Debug|x86
		Release|Any CPU = Release|Any CPU
		Release|x64 = Release|x64
		Release|x86 = Release|x86
	EndGlobalSection
	GlobalSection(ProjectConfigurationPlatforms) = postSolution
		{322E2B72-8445-4A41-8379-43568FB90EDA}.Debug|Any CPU.ActiveCfg = Debug|Any CPU
		{322E2B72-8445-4A41-8379-43568FB90EDA}.Debug|Any CPU.Build.0 = Debug|Any CPU
		{322E2B72-8445-4A41-8379-43568FB90EDA}.Debug|x64.ActiveCfg = Debug|Any CPU
		{322E2B72-8445-4A41-8379-43568FB90EDA}.Debug|x64.Build.0 = Debug|Any CPU
		{322E2B72-8445-4A41-8379-43568FB90EDA}.Debug|x86.ActiveCfg = Debug|Any CPU
		{322E2B72-8445-4A41-8379-43568FB90EDA}.Debug|x86.Build.0 = Debug|Any CPU
		{322E2B72-8445-4A41-8379-43568FB90EDA}.Release|Any CPU.ActiveCfg = Release|Any CPU
		{322E2B72-8445-4A41-8379-43568FB90EDA}.Release|Any CPU.Build.0 = Release|Any CPU
		{322E2B72-8445-4A41-8379-43568FB90EDA}.Release|x64.ActiveCfg = Release|Any CPU
		{322E2B72-8445-4A41-8379-43568FB90EDA}.Release|x64.Build.0 = Release|Any CPU
		{322E2B72-8445-4A41-8379-43568FB90EDA}.Release|x86.ActiveCfg = Release|Any CPU
		{322E2B72-8445-4A41-8379-43568FB90EDA}.Release|x86.Build.0 = Release|Any CPU
		{84924461-5048-4DFF-B74F-84A514014982}.Debug|Any CPU.ActiveCfg = Debug|Any CPU
		{84924461-5048-4DFF-B74F-84A514014982}.Debug|Any CPU.Build.0 = Debug|Any CPU
		{84924461-5048-4DFF-B74F-84A514014982}.Debug|x64.ActiveCfg = Debug|Any CPU
		{84924461-5048-4DFF-B74F-84A514014982}.Debug|x64.Build.0 = Debug|Any CPU
		{84924461-5048-4DFF-B74F-84A514014982}.Debug|x86.ActiveCfg = Debug|Any CPU
		{84924461-5048-4DFF-B74F-84A514014982}.Debug|x86.Build.0 = Debug|Any CPU
		{84924461-5048-4DFF-B74F-84A514014982}.Release|Any CPU.ActiveCfg = Release|Any CPU
		{84924461-5048-4DFF-B74F-84A514014982}.Release|Any CPU.Build.0 = Release|Any CPU
		{84924461-5048-4DFF-B74F-84A514014982}.Release|x64.ActiveCfg = Release|Any CPU
		{84924461-5048-4DFF-B74F-84A514014982}.Release|x64.Build.0 = Release|Any CPU
		{84924461-5048-4DFF-B74F-84A514014982}.Release|x86.ActiveCfg = Release|Any CPU
		{84924461-5048-4DFF-B74F-84A514014982}.Release|x86.Build.0 = Release|Any CPU
		{28FDEC30-77ED-4BCE-B95D-6CAD0034B08C}.Debug|Any CPU.ActiveCfg = Debug|Any CPU
		{28FDEC30-77ED-4BCE-B95D-6CAD0034B08C}.Debug|Any CPU.Build.0 = Debug|Any CPU
		{28FDEC30-77ED-4BCE-B95D-6CAD0034B08C}.Debug|x64.ActiveCfg = Debug|Any CPU
		{28FDEC30-77ED-4BCE-B95D-6CAD0034B08C}.Debug|x64.Build.0 = Debug|Any CPU
		{28FDEC30-77ED-4BCE-B95D-6CAD0034B08C}.Debug|x86.ActiveCfg = Debug|Any CPU
		{28FDEC30-77ED-4BCE-B95D-6CAD0034B08C}.Debug|x86.Build.0 = Debug|Any CPU
		{28FDEC30-77ED-4BCE-B95D-6CAD0034B08C}.Release|Any CPU.ActiveCfg = Release|Any CPU
		{28FDEC30-77ED-4BCE-B95D-6CAD0034B08C}.Release|Any CPU.Build.0 = Release|Any CPU
		{28FDEC30-77ED-4BCE-B95D-6CAD0034B08C}.Release|x64.ActiveCfg = Release|Any CPU
		{28FDEC30-77ED-4BCE-B95D-6CAD0034B08C}.Release|x64.Build.0 = Release|Any CPU
		{28FDEC30-77ED-4BCE-B95D-6CAD0034B08C}.Release|x86.ActiveCfg = Release|Any CPU
		{28FDEC30-77ED-4BCE-B95D-6CAD0034B08C}.Release|x86.Build.0 = Release|Any CPU
	EndGlobalSection
	GlobalSection(SolutionProperties) = preSolution
		HideSolutionNode = FALSE
	EndGlobalSection
	GlobalSection(ExtensibilityGlobals) = postSolution
		SolutionGuid = {D1DF5167-A1CE-49FB-B2F1-8E51306E4286}
	EndGlobalSection
EndGlobal
